// !$*UTF8*$!
{
	archiveVersion = 1;
	classes = {
	};
	objectVersion = 46;
	objects = {

/* Begin PBXBuildFile section */
		A96491851FBC279800995E6A /* AppDelegate.swift in Sources */ = {isa = PBXBuildFile; fileRef = A96491841FBC279800995E6A /* AppDelegate.swift */; };
		A96491871FBC279800995E6A /* ViewController.swift in Sources */ = {isa = PBXBuildFile; fileRef = A96491861FBC279800995E6A /* ViewController.swift */; };
		A964918A1FBC279800995E6A /* Main.storyboard in Resources */ = {isa = PBXBuildFile; fileRef = A96491881FBC279800995E6A /* Main.storyboard */; };
		A964918C1FBC279800995E6A /* Assets.xcassets in Resources */ = {isa = PBXBuildFile; fileRef = A964918B1FBC279800995E6A /* Assets.xcassets */; };
		A964918F1FBC279800995E6A /* LaunchScreen.storyboard in Resources */ = {isa = PBXBuildFile; fileRef = A964918D1FBC279800995E6A /* LaunchScreen.storyboard */; };
		A964919A1FBC279800995E6A /* PrelloTestTests.swift in Sources */ = {isa = PBXBuildFile; fileRef = A96491991FBC279800995E6A /* PrelloTestTests.swift */; };
		A96491A51FBC279800995E6A /* PrelloTestUITests.swift in Sources */ = {isa = PBXBuildFile; fileRef = A96491A41FBC279800995E6A /* PrelloTestUITests.swift */; };
		A96491B31FBCD53300995E6A /* IntroViewController.swift in Sources */ = {isa = PBXBuildFile; fileRef = A96491B21FBCD53300995E6A /* IntroViewController.swift */; };
/* End PBXBuildFile section */

/* Begin PBXContainerItemProxy section */
		A96491961FBC279800995E6A /* PBXContainerItemProxy */ = {
			isa = PBXContainerItemProxy;
			containerPortal = A96491791FBC279800995E6A /* Project object */;
			proxyType = 1;
			remoteGlobalIDString = A96491801FBC279800995E6A;
			remoteInfo = PrelloTest;
		};
		A96491A11FBC279800995E6A /* PBXContainerItemProxy */ = {
			isa = PBXContainerItemProxy;
			containerPortal = A96491791FBC279800995E6A /* Project object */;
			proxyType = 1;
			remoteGlobalIDString = A96491801FBC279800995E6A;
			remoteInfo = PrelloTest;
		};
/* End PBXContainerItemProxy section */

/* Begin PBXFileReference section */
		A96491811FBC279800995E6A /* PrelloTest.app */ = {isa = PBXFileReference; explicitFileType = wrapper.application; includeInIndex = 0; path = PrelloTest.app; sourceTree = BUILT_PRODUCTS_DIR; };
		A96491841FBC279800995E6A /* AppDelegate.swift */ = {isa = PBXFileReference; lastKnownFileType = sourcecode.swift; path = AppDelegate.swift; sourceTree = "<group>"; };
		A96491861FBC279800995E6A /* ViewController.swift */ = {isa = PBXFileReference; lastKnownFileType = sourcecode.swift; path = ViewController.swift; sourceTree = "<group>"; };
		A96491891FBC279800995E6A /* Base */ = {isa = PBXFileReference; lastKnownFileType = file.storyboard; name = Base; path = Base.lproj/Main.storyboard; sourceTree = "<group>"; };
		A964918B1FBC279800995E6A /* Assets.xcassets */ = {isa = PBXFileReference; lastKnownFileType = folder.assetcatalog; path = Assets.xcassets; sourceTree = "<group>"; };
		A964918E1FBC279800995E6A /* Base */ = {isa = PBXFileReference; lastKnownFileType = file.storyboard; name = Base; path = Base.lproj/LaunchScreen.storyboard; sourceTree = "<group>"; };
		A96491901FBC279800995E6A /* Info.plist */ = {isa = PBXFileReference; lastKnownFileType = text.plist.xml; path = Info.plist; sourceTree = "<group>"; };
		A96491951FBC279800995E6A /* PrelloTestTests.xctest */ = {isa = PBXFileReference; explicitFileType = wrapper.cfbundle; includeInIndex = 0; path = PrelloTestTests.xctest; sourceTree = BUILT_PRODUCTS_DIR; };
		A96491991FBC279800995E6A /* PrelloTestTests.swift */ = {isa = PBXFileReference; lastKnownFileType = sourcecode.swift; path = PrelloTestTests.swift; sourceTree = "<group>"; };
		A964919B1FBC279800995E6A /* Info.plist */ = {isa = PBXFileReference; lastKnownFileType = text.plist.xml; path = Info.plist; sourceTree = "<group>"; };
		A96491A01FBC279800995E6A /* PrelloTestUITests.xctest */ = {isa = PBXFileReference; explicitFileType = wrapper.cfbundle; includeInIndex = 0; path = PrelloTestUITests.xctest; sourceTree = BUILT_PRODUCTS_DIR; };
		A96491A41FBC279800995E6A /* PrelloTestUITests.swift */ = {isa = PBXFileReference; lastKnownFileType = sourcecode.swift; path = PrelloTestUITests.swift; sourceTree = "<group>"; };
		A96491A61FBC279800995E6A /* Info.plist */ = {isa = PBXFileReference; lastKnownFileType = text.plist.xml; path = Info.plist; sourceTree = "<group>"; };
		A96491B21FBCD53300995E6A /* IntroViewController.swift */ = {isa = PBXFileReference; fileEncoding = 4; lastKnownFileType = sourcecode.swift; path = IntroViewController.swift; sourceTree = "<group>"; };
/* End PBXFileReference section */

/* Begin PBXFrameworksBuildPhase section */
		A964917E1FBC279800995E6A /* Frameworks */ = {
			isa = PBXFrameworksBuildPhase;
			buildActionMask = 2147483647;
			files = (
			);
			runOnlyForDeploymentPostprocessing = 0;
		};
		A96491921FBC279800995E6A /* Frameworks */ = {
			isa = PBXFrameworksBuildPhase;
			buildActionMask = 2147483647;
			files = (
			);
			runOnlyForDeploymentPostprocessing = 0;
		};
		A964919D1FBC279800995E6A /* Frameworks */ = {
			isa = PBXFrameworksBuildPhase;
			buildActionMask = 2147483647;
			files = (
			);
			runOnlyForDeploymentPostprocessing = 0;
		};
/* End PBXFrameworksBuildPhase section */

/* Begin PBXGroup section */
		A96491781FBC279800995E6A = {
			isa = PBXGroup;
			children = (
				A96491831FBC279800995E6A /* PrelloTest */,
				A96491981FBC279800995E6A /* PrelloTestTests */,
				A96491A31FBC279800995E6A /* PrelloTestUITests */,
				A96491821FBC279800995E6A /* Products */,
			);
			sourceTree = "<group>";
		};
		A96491821FBC279800995E6A /* Products */ = {
			isa = PBXGroup;
			children = (
				A96491811FBC279800995E6A /* PrelloTest.app */,
				A96491951FBC279800995E6A /* PrelloTestTests.xctest */,
				A96491A01FBC279800995E6A /* PrelloTestUITests.xctest */,
			);
			name = Products;
			sourceTree = "<group>";
		};
		A96491831FBC279800995E6A /* PrelloTest */ = {
			isa = PBXGroup;
			children = (
				A96491841FBC279800995E6A /* AppDelegate.swift */,
				A96491861FBC279800995E6A /* ViewController.swift */,
				A96491881FBC279800995E6A /* Main.storyboard */,
				A964918B1FBC279800995E6A /* Assets.xcassets */,
				A964918D1FBC279800995E6A /* LaunchScreen.storyboard */,
				A96491901FBC279800995E6A /* Info.plist */,
				A96491B21FBCD53300995E6A /* IntroViewController.swift */,
			);
			path = PrelloTest;
			sourceTree = "<group>";
		};
		A96491981FBC279800995E6A /* PrelloTestTests */ = {
			isa = PBXGroup;
			children = (
				A96491991FBC279800995E6A /* PrelloTestTests.swift */,
				A964919B1FBC279800995E6A /* Info.plist */,
			);
			path = PrelloTestTests;
			sourceTree = "<group>";
		};
		A96491A31FBC279800995E6A /* PrelloTestUITests */ = {
			isa = PBXGroup;
			children = (
				A96491A41FBC279800995E6A /* PrelloTestUITests.swift */,
				A96491A61FBC279800995E6A /* Info.plist */,
			);
			path = PrelloTestUITests;
			sourceTree = "<group>";
		};
/* End PBXGroup section */

/* Begin PBXNativeTarget section */
		A96491801FBC279800995E6A /* PrelloTest */ = {
			isa = PBXNativeTarget;
			buildConfigurationList = A96491A91FBC279800995E6A /* Build configuration list for PBXNativeTarget "PrelloTest" */;
			buildPhases = (
				A964917D1FBC279800995E6A /* Sources */,
				A964917E1FBC279800995E6A /* Frameworks */,
				A964917F1FBC279800995E6A /* Resources */,
			);
			buildRules = (
			);
			dependencies = (
			);
			name = PrelloTest;
			productName = PrelloTest;
			productReference = A96491811FBC279800995E6A /* PrelloTest.app */;
			productType = "com.apple.product-type.application";
		};
		A96491941FBC279800995E6A /* PrelloTestTests */ = {
			isa = PBXNativeTarget;
			buildConfigurationList = A96491AC1FBC279800995E6A /* Build configuration list for PBXNativeTarget "PrelloTestTests" */;
			buildPhases = (
				A96491911FBC279800995E6A /* Sources */,
				A96491921FBC279800995E6A /* Frameworks */,
				A96491931FBC279800995E6A /* Resources */,
			);
			buildRules = (
			);
			dependencies = (
				A96491971FBC279800995E6A /* PBXTargetDependency */,
			);
			name = PrelloTestTests;
			productName = PrelloTestTests;
			productReference = A96491951FBC279800995E6A /* PrelloTestTests.xctest */;
			productType = "com.apple.product-type.bundle.unit-test";
		};
		A964919F1FBC279800995E6A /* PrelloTestUITests */ = {
			isa = PBXNativeTarget;
			buildConfigurationList = A96491AF1FBC279800995E6A /* Build configuration list for PBXNativeTarget "PrelloTestUITests" */;
			buildPhases = (
				A964919C1FBC279800995E6A /* Sources */,
				A964919D1FBC279800995E6A /* Frameworks */,
				A964919E1FBC279800995E6A /* Resources */,
			);
			buildRules = (
			);
			dependencies = (
				A96491A21FBC279800995E6A /* PBXTargetDependency */,
			);
			name = PrelloTestUITests;
			productName = PrelloTestUITests;
			productReference = A96491A01FBC279800995E6A /* PrelloTestUITests.xctest */;
			productType = "com.apple.product-type.bundle.ui-testing";
		};
/* End PBXNativeTarget section */

/* Begin PBXProject section */
		A96491791FBC279800995E6A /* Project object */ = {
			isa = PBXProject;
			attributes = {
				LastSwiftUpdateCheck = 0830;
				LastUpgradeCheck = 0830;
				ORGANIZATIONNAME = Antonio;
				TargetAttributes = {
					A96491801FBC279800995E6A = {
						CreatedOnToolsVersion = 8.3.2;
						ProvisioningStyle = Automatic;
					};
					A96491941FBC279800995E6A = {
						CreatedOnToolsVersion = 8.3.2;
						ProvisioningStyle = Automatic;
						TestTargetID = A96491801FBC279800995E6A;
					};
					A964919F1FBC279800995E6A = {
						CreatedOnToolsVersion = 8.3.2;
						ProvisioningStyle = Automatic;
						TestTargetID = A96491801FBC279800995E6A;
					};
				};
			};
			buildConfigurationList = A964917C1FBC279800995E6A /* Build configuration list for PBXProject "PrelloTest" */;
			compatibilityVersion = "Xcode 3.2";
			developmentRegion = English;
			hasScannedForEncodings = 0;
			knownRegions = (
				en,
				Base,
			);
			mainGroup = A96491781FBC279800995E6A;
			productRefGroup = A96491821FBC279800995E6A /* Products */;
			projectDirPath = "";
			projectRoot = "";
			targets = (
				A96491801FBC279800995E6A /* PrelloTest */,
				A96491941FBC279800995E6A /* PrelloTestTests */,
				A964919F1FBC279800995E6A /* PrelloTestUITests */,
			);
		};
/* End PBXProject section */

/* Begin PBXResourcesBuildPhase section */
		A964917F1FBC279800995E6A /* Resources */ = {
			isa = PBXResourcesBuildPhase;
			buildActionMask = 2147483647;
			files = (
				A964918F1FBC279800995E6A /* LaunchScreen.storyboard in Resources */,
				A964918C1FBC279800995E6A /* Assets.xcassets in Resources */,
				A964918A1FBC279800995E6A /* Main.storyboard in Resources */,
			);
			runOnlyForDeploymentPostprocessing = 0;
		};
		A96491931FBC279800995E6A /* Resources */ = {
			isa = PBXResourcesBuildPhase;
			buildActionMask = 2147483647;
			files = (
			);
			runOnlyForDeploymentPostprocessing = 0;
		};
		A964919E1FBC279800995E6A /* Resources */ = {
			isa = PBXResourcesBuildPhase;
			buildActionMask = 2147483647;
			files = (
			);
			runOnlyForDeploymentPostprocessing = 0;
		};
/* End PBXResourcesBuildPhase section */

/* Begin PBXSourcesBuildPhase section */
		A964917D1FBC279800995E6A /* Sources */ = {
			isa = PBXSourcesBuildPhase;
			buildActionMask = 2147483647;
			files = (
				A96491B31FBCD53300995E6A /* IntroViewController.swift in Sources */,
				A96491871FBC279800995E6A /* ViewController.swift in Sources */,
				A96491851FBC279800995E6A /* AppDelegate.swift in Sources */,
			);
			runOnlyForDeploymentPostprocessing = 0;
		};
		A96491911FBC279800995E6A /* Sources */ = {
			isa = PBXSourcesBuildPhase;
			buildActionMask = 2147483647;
			files = (
				A964919A1FBC279800995E6A /* PrelloTestTests.swift in Sources */,
			);
			runOnlyForDeploymentPostprocessing = 0;
		};
		A964919C1FBC279800995E6A /* Sources */ = {
			isa = PBXSourcesBuildPhase;
			buildActionMask = 2147483647;
			files = (
				A96491A51FBC279800995E6A /* PrelloTestUITests.swift in Sources */,
			);
			runOnlyForDeploymentPostprocessing = 0;
		};
/* End PBXSourcesBuildPhase section */

/* Begin PBXTargetDependency section */
		A96491971FBC279800995E6A /* PBXTargetDependency */ = {
			isa = PBXTargetDependency;
			target = A96491801FBC279800995E6A /* PrelloTest */;
			targetProxy = A96491961FBC279800995E6A /* PBXContainerItemProxy */;
		};
		A96491A21FBC279800995E6A /* PBXTargetDependency */ = {
			isa = PBXTargetDependency;
			target = A96491801FBC279800995E6A /* PrelloTest */;
			targetProxy = A96491A11FBC279800995E6A /* PBXContainerItemProxy */;
		};
/* End PBXTargetDependency section */

/* Begin PBXVariantGroup section */
		A96491881FBC279800995E6A /* Main.storyboard */ = {
			isa = PBXVariantGroup;
			children = (
				A96491891FBC279800995E6A /* Base */,
			);
			name = Main.storyboard;
			sourceTree = "<group>";
		};
		A964918D1FBC279800995E6A /* LaunchScreen.storyboard */ = {
			isa = PBXVariantGroup;
			children = (
				A964918E1FBC279800995E6A /* Base */,
			);
			name = LaunchScreen.storyboard;
			sourceTree = "<group>";
		};
/* End PBXVariantGroup section */

/* Begin XCBuildConfiguration section */
		A96491A71FBC279800995E6A /* Debug */ = {
			isa = XCBuildConfiguration;
			buildSettings = {
				ALWAYS_SEARCH_USER_PATHS = NO;
				CLANG_ANALYZER_NONNULL = YES;
				CLANG_ANALYZER_NUMBER_OBJECT_CONVERSION = YES_AGGRESSIVE;
				CLANG_CXX_LANGUAGE_STANDARD = "gnu++0x";
				CLANG_CXX_LIBRARY = "libc++";
				CLANG_ENABLE_MODULES = YES;
				CLANG_ENABLE_OBJC_ARC = YES;
				CLANG_WARN_BOOL_CONVERSION = YES;
				CLANG_WARN_CONSTANT_CONVERSION = YES;
				CLANG_WARN_DIRECT_OBJC_ISA_USAGE = YES_ERROR;
				CLANG_WARN_DOCUMENTATION_COMMENTS = YES;
				CLANG_WARN_EMPTY_BODY = YES;
				CLANG_WARN_ENUM_CONVERSION = YES;
				CLANG_WARN_INFINITE_RECURSION = YES;
				CLANG_WARN_INT_CONVERSION = YES;
				CLANG_WARN_OBJC_ROOT_CLASS = YES_ERROR;
				CLANG_WARN_SUSPICIOUS_MOVE = YES;
				CLANG_WARN_UNREACHABLE_CODE = YES;
				CLANG_WARN__DUPLICATE_METHOD_MATCH = YES;
				"CODE_SIGN_IDENTITY[sdk=iphoneos*]" = "iPhone Developer";
				COPY_PHASE_STRIP = NO;
				DEBUG_INFORMATION_FORMAT = dwarf;
				ENABLE_STRICT_OBJC_MSGSEND = YES;
				ENABLE_TESTABILITY = YES;
				GCC_C_LANGUAGE_STANDARD = gnu99;
				GCC_DYNAMIC_NO_PIC = NO;
				GCC_NO_COMMON_BLOCKS = YES;
				GCC_OPTIMIZATION_LEVEL = 0;
				GCC_PREPROCESSOR_DEFINITIONS = (
					"DEBUG=1",
					"$(inherited)",
				);
				GCC_WARN_64_TO_32_BIT_CONVERSION = YES;
				GCC_WARN_ABOUT_RETURN_TYPE = YES_ERROR;
				GCC_WARN_UNDECLARED_SELECTOR = YES;
				GCC_WARN_UNINITIALIZED_AUTOS = YES_AGGRESSIVE;
				GCC_WARN_UNUSED_FUNCTION = YES;
				GCC_WARN_UNUSED_VARIABLE = YES;
				IPHONEOS_DEPLOYMENT_TARGET = 10.3;
				MTL_ENABLE_DEBUG_INFO = YES;
				ONLY_ACTIVE_ARCH = YES;
				SDKROOT = iphoneos;
				SWIFT_ACTIVE_COMPILATION_CONDITIONS = DEBUG;
				SWIFT_OPTIMIZATION_LEVEL = "-Onone";
			};
			name = Debug;
		};
		A96491A81FBC279800995E6A /* Release */ = {
			isa = XCBuildConfiguration;
			buildSettings = {
				ALWAYS_SEARCH_USER_PATHS = NO;
				CLANG_ANALYZER_NONNULL = YES;
				CLANG_ANALYZER_NUMBER_OBJECT_CONVERSION = YES_AGGRESSIVE;
				CLANG_CXX_LANGUAGE_STANDARD = "gnu++0x";
				CLANG_CXX_LIBRARY = "libc++";
				CLANG_ENABLE_MODULES = YES;
				CLANG_ENABLE_OBJC_ARC = YES;
				CLANG_WARN_BOOL_CONVERSION = YES;
				CLANG_WARN_CONSTANT_CONVERSION = YES;
				CLANG_WARN_DIRECT_OBJC_ISA_USAGE = YES_ERROR;
				CLANG_WARN_DOCUMENTATION_COMMENTS = YES;
				CLANG_WARN_EMPTY_BODY = YES;
				CLANG_WARN_ENUM_CONVERSION = YES;
				CLANG_WARN_INFINITE_RECURSION = YES;
				CLANG_WARN_INT_CONVERSION = YES;
				CLANG_WARN_OBJC_ROOT_CLASS = YES_ERROR;
				CLANG_WARN_SUSPICIOUS_MOVE = YES;
				CLANG_WARN_UNREACHABLE_CODE = YES;
				CLANG_WARN__DUPLICATE_METHOD_MATCH = YES;
				"CODE_SIGN_IDENTITY[sdk=iphoneos*]" = "iPhone Developer";
				COPY_PHASE_STRIP = NO;
				DEBUG_INFORMATION_FORMAT = "dwarf-with-dsym";
				ENABLE_NS_ASSERTIONS = NO;
				ENABLE_STRICT_OBJC_MSGSEND = YES;
				GCC_C_LANGUAGE_STANDARD = gnu99;
				GCC_NO_COMMON_BLOCKS = YES;
				GCC_WARN_64_TO_32_BIT_CONVERSION = YES;
				GCC_WARN_ABOUT_RETURN_TYPE = YES_ERROR;
				GCC_WARN_UNDECLARED_SELECTOR = YES;
				GCC_WARN_UNINITIALIZED_AUTOS = YES_AGGRESSIVE;
				GCC_WARN_UNUSED_FUNCTION = YES;
				GCC_WARN_UNUSED_VARIABLE = YES;
				IPHONEOS_DEPLOYMENT_TARGET = 10.3;
				MTL_ENABLE_DEBUG_INFO = NO;
				SDKROOT = iphoneos;
				SWIFT_OPTIMIZATION_LEVEL = "-Owholemodule";
				VALIDATE_PRODUCT = YES;
			};
			name = Release;
		};
		A96491AA1FBC279800995E6A /* Debug */ = {
			isa = XCBuildConfiguration;
			buildSettings = {
				ASSETCATALOG_COMPILER_APPICON_NAME = AppIcon;
				INFOPLIST_FILE = PrelloTest/Info.plist;
				LD_RUNPATH_SEARCH_PATHS = "$(inherited) @executable_path/Frameworks";
				PRODUCT_BUNDLE_IDENTIFIER = Antonio.PrelloTest;
				PRODUCT_NAME = "$(TARGET_NAME)";
				SWIFT_VERSION = 3.0;
			};
			name = Debug;
		};
		A96491AB1FBC279800995E6A /* Release */ = {
			isa = XCBuildConfiguration;
			buildSettings = {
				ASSETCATALOG_COMPILER_APPICON_NAME = AppIcon;
				INFOPLIST_FILE = PrelloTest/Info.plist;
				LD_RUNPATH_SEARCH_PATHS = "$(inherited) @executable_path/Frameworks";
				PRODUCT_BUNDLE_IDENTIFIER = Antonio.PrelloTest;
				PRODUCT_NAME = "$(TARGET_NAME)";
				SWIFT_VERSION = 3.0;
			};
			name = Release;
		};
		A96491AD1FBC279800995E6A /* Debug */ = {
			isa = XCBuildConfiguration;
			buildSettings = {
				ALWAYS_EMBED_SWIFT_STANDARD_LIBRARIES = YES;
				BUNDLE_LOADER = "$(TEST_HOST)";
				INFOPLIST_FILE = PrelloTestTests/Info.plist;
				LD_RUNPATH_SEARCH_PATHS = "$(inherited) @executable_path/Frameworks @loader_path/Frameworks";
				PRODUCT_BUNDLE_IDENTIFIER = Antonio.PrelloTestTests;
				PRODUCT_NAME = "$(TARGET_NAME)";
				SWIFT_VERSION = 3.0;
				TEST_HOST = "$(BUILT_PRODUCTS_DIR)/PrelloTest.app/PrelloTest";
			};
			name = Debug;
		};
		A96491AE1FBC279800995E6A /* Release */ = {
			isa = XCBuildConfiguration;
			buildSettings = {
				ALWAYS_EMBED_SWIFT_STANDARD_LIBRARIES = YES;
				BUNDLE_LOADER = "$(TEST_HOST)";
				INFOPLIST_FILE = PrelloTestTests/Info.plist;
				LD_RUNPATH_SEARCH_PATHS = "$(inherited) @executable_path/Frameworks @loader_path/Frameworks";
				PRODUCT_BUNDLE_IDENTIFIER = Antonio.PrelloTestTests;
				PRODUCT_NAME = "$(TARGET_NAME)";
				SWIFT_VERSION = 3.0;
				TEST_HOST = "$(BUILT_PRODUCTS_DIR)/PrelloTest.app/PrelloTest";
			};
			name = Release;
		};
		A96491B01FBC279800995E6A /* Debug */ = {
			isa = XCBuildConfiguration;
			buildSettings = {
				ALWAYS_EMBED_SWIFT_STANDARD_LIBRARIES = YES;
				INFOPLIST_FILE = PrelloTestUITests/Info.plist;
				LD_RUNPATH_SEARCH_PATHS = "$(inherited) @executable_path/Frameworks @loader_path/Frameworks";
				PRODUCT_BUNDLE_IDENTIFIER = Antonio.PrelloTestUITests;
				PRODUCT_NAME = "$(TARGET_NAME)";
				SWIFT_VERSION = 3.0;
				TEST_TARGET_NAME = PrelloTest;
			};
			name = Debug;
		};
		A96491B11FBC279800995E6A /* Release */ = {
			isa = XCBuildConfiguration;
			buildSettings = {
				ALWAYS_EMBED_SWIFT_STANDARD_LIBRARIES = YES;
				INFOPLIST_FILE = PrelloTestUITests/Info.plist;
				LD_RUNPATH_SEARCH_PATHS = "$(inherited) @executable_path/Frameworks @loader_path/Frameworks";
				PRODUCT_BUNDLE_IDENTIFIER = Antonio.PrelloTestUITests;
				PRODUCT_NAME = "$(TARGET_NAME)";
				SWIFT_VERSION = 3.0;
				TEST_TARGET_NAME = PrelloTest;
			};
			name = Release;
		};
/* End XCBuildConfiguration section */

/* Begin XCConfigurationList section */
		A964917C1FBC279800995E6A /* Build configuration list for PBXProject "PrelloTest" */ = {
			isa = XCConfigurationList;
			buildConfigurations = (
				A96491A71FBC279800995E6A /* Debug */,
				A96491A81FBC279800995E6A /* Release */,
			);
			defaultConfigurationIsVisible = 0;
			defaultConfigurationName = Release;
		};
		A96491A91FBC279800995E6A /* Build configuration list for PBXNativeTarget "PrelloTest" */ = {
			isa = XCConfigurationList;
			buildConfigurations = (
				A96491AA1FBC279800995E6A /* Debug */,
				A96491AB1FBC279800995E6A /* Release */,
			);
			defaultConfigurationIsVisible = 0;
		};
		A96491AC1FBC279800995E6A /* Build configuration list for PBXNativeTarget "PrelloTestTests" */ = {
			isa = XCConfigurationList;
			buildConfigurations = (
				A96491AD1FBC279800995E6A /* Debug */,
				A96491AE1FBC279800995E6A /* Release */,
			);
			defaultConfigurationIsVisible = 0;
		};
		A96491AF1FBC279800995E6A /* Build configuration list for PBXNativeTarget "PrelloTestUITests" */ = {
			isa = XCConfigurationList;
			buildConfigurations = (
				A96491B01FBC279800995E6A /* Debug */,
				A96491B11FBC279800995E6A /* Release */,
			);
			defaultConfigurationIsVisible = 0;
		};
/* End XCConfigurationList section */
	};
	rootObject = A96491791FBC279800995E6A /* Project object */;
}
